
Microsoft Visual Studio Solution File, Format Version 12.00
# Visual Studio Version 17
VisualStudioVersion = 17.0.31903.59
MinimumVisualStudioVersion = 10.0.40219.1
Project("{FAE04EC0-301F-11D3-BF4B-00C04F79EFBC}") = "DotnetReactVerticalSlice", "DotnetReactVerticalSlice\DotnetReactVerticalSlice.csproj", "{E1FA4CAD-CFAC-480C-A02C-4CA5E244788D}"
EndProject
Project("{2150E333-8FDC-42A3-9474-1A3956D46DE8}") = "Docs", "Docs", "{D446D67E-DA08-4183-BFF1-7A0A5A941E71}"
	ProjectSection(SolutionItems) = preProject
		README.md = README.md
		LICENCE.md = LICENCE.md
	EndProjectSection
EndProject
Global
	GlobalSection(SolutionConfigurationPlatforms) = preSolution
		Debug|Any CPU = Debug|Any CPU
		Release|Any CPU = Release|Any CPU
	EndGlobalSection
	GlobalSection(SolutionProperties) = preSolution
		HideSolutionNode = FALSE
	EndGlobalSection
	GlobalSection(ProjectConfigurationPlatforms) = postSolution
		{E1FA4CAD-CFAC-480C-A02C-4CA5E244788D}.Debug|Any CPU.ActiveCfg = Debug|Any CPU
		{E1FA4CAD-CFAC-480C-A02C-4CA5E244788D}.Debug|Any CPU.Build.0 = Debug|Any CPU
		{E1FA4CAD-CFAC-480C-A02C-4CA5E244788D}.Release|Any CPU.ActiveCfg = Release|Any CPU
		{E1FA4CAD-CFAC-480C-A02C-4CA5E244788D}.Release|Any CPU.Build.0 = Release|Any CPU
	EndGlobalSection
EndGlobal
